PODS:
  - CheckmarkSegmentedControl (0.1.0)
  - Nimble (2.0.0-rc.3)

DEPENDENCIES:
  - CheckmarkSegmentedControl (from `../`)
  - Nimble (~> 2.0.0-rc.3)

EXTERNAL SOURCES:
  CheckmarkSegmentedControl:
    :path: ../

SPEC CHECKSUMS:
  CheckmarkSegmentedControl: 8e54b3294dec666781b6d78a54b212f6a2d5c311
  Nimble: 9dff98ee195ffe7351d3b2fb01d3a1420fd97948

COCOAPODS: 0.38.2
