PODS:
  - CheckmarkSegmentedControl (0.1.1)
  - Nimble (5.0.0)

DEPENDENCIES:
  - CheckmarkSegmentedControl (from `../`)
  - Nimble (~> 5.0)

EXTERNAL SOURCES:
  CheckmarkSegmentedControl:
    :path: ../

SPEC CHECKSUMS:
  CheckmarkSegmentedControl: ce70c9fb699b623cef8e72c2b8578b505fbf2f48
  Nimble: 56fc9f5020effa2206de22c3dd910f4fb011b92f

PODFILE CHECKSUM: b63d85f208ece5f9273f6001eda1394a0b58aeb9

COCOAPODS: 1.1.0.rc.2
